// !$*UTF8*$!
{
	archiveVersion = 1;
	classes = {
	};
	objectVersion = 56;
	objects = {

/* Begin PBXBuildFile section */
		0F0D668C2A8F36C100E1ED77 /* ComposableArchitecture in Frameworks */ = {isa = PBXBuildFile; productRef = 0F0D668B2A8F36C100E1ED77 /* ComposableArchitecture */; };
		0F50D48C2A908D33000C2214 /* MaleView.swift in Sources */ = {isa = PBXBuildFile; fileRef = 0F50D48B2A908D33000C2214 /* MaleView.swift */; };
		0F50D48E2A908D3C000C2214 /* FemaleView.swift in Sources */ = {isa = PBXBuildFile; fileRef = 0F50D48D2A908D3C000C2214 /* FemaleView.swift */; };
		0FF7C71C2A91EF3300BFC33D /* GradationView.swift in Sources */ = {isa = PBXBuildFile; fileRef = 0FF7C71B2A91EF3300BFC33D /* GradationView.swift */; };
		47F024CC2A8213D70058B5F4 /* TCA_BApp.swift in Sources */ = {isa = PBXBuildFile; fileRef = 47F024CB2A8213D70058B5F4 /* TCA_BApp.swift */; };
		47F024CE2A8213D70058B5F4 /* HomeView.swift in Sources */ = {isa = PBXBuildFile; fileRef = 47F024CD2A8213D70058B5F4 /* HomeView.swift */; };
		47F024D02A8213D90058B5F4 /* Assets.xcassets in Resources */ = {isa = PBXBuildFile; fileRef = 47F024CF2A8213D90058B5F4 /* Assets.xcassets */; };
		47F024D32A8213D90058B5F4 /* Preview Assets.xcassets in Resources */ = {isa = PBXBuildFile; fileRef = 47F024D22A8213D90058B5F4 /* Preview Assets.xcassets */; };
/* End PBXBuildFile section */

/* Begin PBXFileReference section */
		0F50D48B2A908D33000C2214 /* MaleView.swift */ = {isa = PBXFileReference; lastKnownFileType = sourcecode.swift; path = MaleView.swift; sourceTree = "<group>"; };
		0F50D48D2A908D3C000C2214 /* FemaleView.swift */ = {isa = PBXFileReference; lastKnownFileType = sourcecode.swift; path = FemaleView.swift; sourceTree = "<group>"; };
		0FF7C71B2A91EF3300BFC33D /* GradationView.swift */ = {isa = PBXFileReference; lastKnownFileType = sourcecode.swift; path = GradationView.swift; sourceTree = "<group>"; };
		47F024C82A8213D70058B5F4 /* TCA_B.app */ = {isa = PBXFileReference; explicitFileType = wrapper.application; includeInIndex = 0; path = TCA_B.app; sourceTree = BUILT_PRODUCTS_DIR; };
		47F024CB2A8213D70058B5F4 /* TCA_BApp.swift */ = {isa = PBXFileReference; lastKnownFileType = sourcecode.swift; path = TCA_BApp.swift; sourceTree = "<group>"; };
		47F024CD2A8213D70058B5F4 /* HomeView.swift */ = {isa = PBXFileReference; lastKnownFileType = sourcecode.swift; path = HomeView.swift; sourceTree = "<group>"; };
		47F024CF2A8213D90058B5F4 /* Assets.xcassets */ = {isa = PBXFileReference; lastKnownFileType = folder.assetcatalog; path = Assets.xcassets; sourceTree = "<group>"; };
		47F024D22A8213D90058B5F4 /* Preview Assets.xcassets */ = {isa = PBXFileReference; lastKnownFileType = folder.assetcatalog; path = "Preview Assets.xcassets"; sourceTree = "<group>"; };
/* End PBXFileReference section */

/* Begin PBXFrameworksBuildPhase section */
		47F024C52A8213D70058B5F4 /* Frameworks */ = {
			isa = PBXFrameworksBuildPhase;
			buildActionMask = 2147483647;
			files = (
				0F0D668C2A8F36C100E1ED77 /* ComposableArchitecture in Frameworks */,
			);
			runOnlyForDeploymentPostprocessing = 0;
		};
/* End PBXFrameworksBuildPhase section */

/* Begin PBXGroup section */
		0F50D48F2A90967F000C2214 /* Resources */ = {
			isa = PBXGroup;
			children = (
				47F024CF2A8213D90058B5F4 /* Assets.xcassets */,
			);
			path = Resources;
			sourceTree = "<group>";
		};
		0F50D4902A90968B000C2214 /* Sources */ = {
			isa = PBXGroup;
			children = (
				0FF7C71D2A91EF4700BFC33D /* Scenes */,
				0FF7C71A2A91EF1100BFC33D /* Components */,
			);
			path = Sources;
			sourceTree = "<group>";
		};
		0FF7C71A2A91EF1100BFC33D /* Components */ = {
			isa = PBXGroup;
			children = (
				0FF7C71B2A91EF3300BFC33D /* GradationView.swift */,
			);
			path = Components;
			sourceTree = "<group>";
		};
		0FF7C71D2A91EF4700BFC33D /* Scenes */ = {
			isa = PBXGroup;
			children = (
				47F024CD2A8213D70058B5F4 /* HomeView.swift */,
				0F50D48B2A908D33000C2214 /* MaleView.swift */,
				0F50D48D2A908D3C000C2214 /* FemaleView.swift */,
			);
			path = Scenes;
			sourceTree = "<group>";
		};
		47F024BF2A8213D70058B5F4 = {
			isa = PBXGroup;
			children = (
				47F024CA2A8213D70058B5F4 /* TCA_B */,
				47F024C92A8213D70058B5F4 /* Products */,
			);
			sourceTree = "<group>";
		};
		47F024C92A8213D70058B5F4 /* Products */ = {
			isa = PBXGroup;
			children = (
				47F024C82A8213D70058B5F4 /* TCA_B.app */,
			);
			name = Products;
			sourceTree = "<group>";
		};
		47F024CA2A8213D70058B5F4 /* TCA_B */ = {
			isa = PBXGroup;
			children = (
				47F024CB2A8213D70058B5F4 /* TCA_BApp.swift */,
				0F50D4902A90968B000C2214 /* Sources */,
				0F50D48F2A90967F000C2214 /* Resources */,
				47F024D12A8213D90058B5F4 /* Preview Content */,
			);
			path = TCA_B;
			sourceTree = "<group>";
		};
		47F024D12A8213D90058B5F4 /* Preview Content */ = {
			isa = PBXGroup;
			children = (
				47F024D22A8213D90058B5F4 /* Preview Assets.xcassets */,
			);
			path = "Preview Content";
			sourceTree = "<group>";
		};
/* End PBXGroup section */

/* Begin PBXNativeTarget section */
		47F024C72A8213D70058B5F4 /* TCA_B */ = {
			isa = PBXNativeTarget;
			buildConfigurationList = 47F024D62A8213D90058B5F4 /* Build configuration list for PBXNativeTarget "TCA_B" */;
			buildPhases = (
				47F024C42A8213D70058B5F4 /* Sources */,
				47F024C52A8213D70058B5F4 /* Frameworks */,
				47F024C62A8213D70058B5F4 /* Resources */,
			);
			buildRules = (
			);
			dependencies = (
			);
			name = TCA_B;
			packageProductDependencies = (
				0F0D668B2A8F36C100E1ED77 /* ComposableArchitecture */,
			);
			productName = TCA_B;
			productReference = 47F024C82A8213D70058B5F4 /* TCA_B.app */;
			productType = "com.apple.product-type.application";
		};
/* End PBXNativeTarget section */

/* Begin PBXProject section */
		47F024C02A8213D70058B5F4 /* Project object */ = {
			isa = PBXProject;
			attributes = {
				BuildIndependentTargetsInParallel = 1;
				LastSwiftUpdateCheck = 1420;
				LastUpgradeCheck = 1420;
				TargetAttributes = {
					47F024C72A8213D70058B5F4 = {
						CreatedOnToolsVersion = 14.2;
					};
				};
			};
			buildConfigurationList = 47F024C32A8213D70058B5F4 /* Build configuration list for PBXProject "TCA_B" */;
			compatibilityVersion = "Xcode 14.0";
			developmentRegion = en;
			hasScannedForEncodings = 0;
			knownRegions = (
				en,
				Base,
			);
			mainGroup = 47F024BF2A8213D70058B5F4;
			packageReferences = (
				0F0D668A2A8F36C100E1ED77 /* XCRemoteSwiftPackageReference "swift-composable-architecture" */,
			);
			productRefGroup = 47F024C92A8213D70058B5F4 /* Products */;
			projectDirPath = "";
			projectRoot = "";
			targets = (
				47F024C72A8213D70058B5F4 /* TCA_B */,
			);
		};
/* End PBXProject section */

/* Begin PBXResourcesBuildPhase section */
		47F024C62A8213D70058B5F4 /* Resources */ = {
			isa = PBXResourcesBuildPhase;
			buildActionMask = 2147483647;
			files = (
				47F024D32A8213D90058B5F4 /* Preview Assets.xcassets in Resources */,
				47F024D02A8213D90058B5F4 /* Assets.xcassets in Resources */,
			);
			runOnlyForDeploymentPostprocessing = 0;
		};
/* End PBXResourcesBuildPhase section */

/* Begin PBXSourcesBuildPhase section */
		47F024C42A8213D70058B5F4 /* Sources */ = {
			isa = PBXSourcesBuildPhase;
			buildActionMask = 2147483647;
			files = (
				0F50D48E2A908D3C000C2214 /* FemaleView.swift in Sources */,
				0FF7C71C2A91EF3300BFC33D /* GradationView.swift in Sources */,
				47F024CE2A8213D70058B5F4 /* HomeView.swift in Sources */,
				47F024CC2A8213D70058B5F4 /* TCA_BApp.swift in Sources */,
				0F50D48C2A908D33000C2214 /* MaleView.swift in Sources */,
			);
			runOnlyForDeploymentPostprocessing = 0;
		};
/* End PBXSourcesBuildPhase section */

/* Begin XCBuildConfiguration section */
		47F024D42A8213D90058B5F4 /* Debug */ = {
			isa = XCBuildConfiguration;
			buildSettings = {
				ALWAYS_SEARCH_USER_PATHS = NO;
				CLANG_ANALYZER_NONNULL = YES;
				CLANG_ANALYZER_NUMBER_OBJECT_CONVERSION = YES_AGGRESSIVE;
				CLANG_CXX_LANGUAGE_STANDARD = "gnu++20";
				CLANG_ENABLE_MODULES = YES;
				CLANG_ENABLE_OBJC_ARC = YES;
				CLANG_ENABLE_OBJC_WEAK = YES;
				CLANG_WARN_BLOCK_CAPTURE_AUTORELEASING = YES;
				CLANG_WARN_BOOL_CONVERSION = YES;
				CLANG_WARN_COMMA = YES;
				CLANG_WARN_CONSTANT_CONVERSION = YES;
				CLANG_WARN_DEPRECATED_OBJC_IMPLEMENTATIONS = YES;
				CLANG_WARN_DIRECT_OBJC_ISA_USAGE = YES_ERROR;
				CLANG_WARN_DOCUMENTATION_COMMENTS = YES;
				CLANG_WARN_EMPTY_BODY = YES;
				CLANG_WARN_ENUM_CONVERSION = YES;
				CLANG_WARN_INFINITE_RECURSION = YES;
				CLANG_WARN_INT_CONVERSION = YES;
				CLANG_WARN_NON_LITERAL_NULL_CONVERSION = YES;
				CLANG_WARN_OBJC_IMPLICIT_RETAIN_SELF = YES;
				CLANG_WARN_OBJC_LITERAL_CONVERSION = YES;
				CLANG_WARN_OBJC_ROOT_CLASS = YES_ERROR;
				CLANG_WARN_QUOTED_INCLUDE_IN_FRAMEWORK_HEADER = YES;
				CLANG_WARN_RANGE_LOOP_ANALYSIS = YES;
				CLANG_WARN_STRICT_PROTOTYPES = YES;
				CLANG_WARN_SUSPICIOUS_MOVE = YES;
				CLANG_WARN_UNGUARDED_AVAILABILITY = YES_AGGRESSIVE;
				CLANG_WARN_UNREACHABLE_CODE = YES;
				CLANG_WARN__DUPLICATE_METHOD_MATCH = YES;
				COPY_PHASE_STRIP = NO;
				DEBUG_INFORMATION_FORMAT = dwarf;
				ENABLE_STRICT_OBJC_MSGSEND = YES;
				ENABLE_TESTABILITY = YES;
				GCC_C_LANGUAGE_STANDARD = gnu11;
				GCC_DYNAMIC_NO_PIC = NO;
				GCC_NO_COMMON_BLOCKS = YES;
				GCC_OPTIMIZATION_LEVEL = 0;
				GCC_PREPROCESSOR_DEFINITIONS = (
					"DEBUG=1",
					"$(inherited)",
				);
				GCC_WARN_64_TO_32_BIT_CONVERSION = YES;
				GCC_WARN_ABOUT_RETURN_TYPE = YES_ERROR;
				GCC_WARN_UNDECLARED_SELECTOR = YES;
				GCC_WARN_UNINITIALIZED_AUTOS = YES_AGGRESSIVE;
				GCC_WARN_UNUSED_FUNCTION = YES;
				GCC_WARN_UNUSED_VARIABLE = YES;
				IPHONEOS_DEPLOYMENT_TARGET = 16.2;
				MTL_ENABLE_DEBUG_INFO = INCLUDE_SOURCE;
				MTL_FAST_MATH = YES;
				ONLY_ACTIVE_ARCH = YES;
				SDKROOT = iphoneos;
				SWIFT_ACTIVE_COMPILATION_CONDITIONS = DEBUG;
				SWIFT_OPTIMIZATION_LEVEL = "-Onone";
			};
			name = Debug;
		};
		47F024D52A8213D90058B5F4 /* Release */ = {
			isa = XCBuildConfiguration;
			buildSettings = {
				ALWAYS_SEARCH_USER_PATHS = NO;
				CLANG_ANALYZER_NONNULL = YES;
				CLANG_ANALYZER_NUMBER_OBJECT_CONVERSION = YES_AGGRESSIVE;
				CLANG_CXX_LANGUAGE_STANDARD = "gnu++20";
				CLANG_ENABLE_MODULES = YES;
				CLANG_ENABLE_OBJC_ARC = YES;
				CLANG_ENABLE_OBJC_WEAK = YES;
				CLANG_WARN_BLOCK_CAPTURE_AUTORELEASING = YES;
				CLANG_WARN_BOOL_CONVERSION = YES;
				CLANG_WARN_COMMA = YES;
				CLANG_WARN_CONSTANT_CONVERSION = YES;
				CLANG_WARN_DEPRECATED_OBJC_IMPLEMENTATIONS = YES;
				CLANG_WARN_DIRECT_OBJC_ISA_USAGE = YES_ERROR;
				CLANG_WARN_DOCUMENTATION_COMMENTS = YES;
				CLANG_WARN_EMPTY_BODY = YES;
				CLANG_WARN_ENUM_CONVERSION = YES;
				CLANG_WARN_INFINITE_RECURSION = YES;
				CLANG_WARN_INT_CONVERSION = YES;
				CLANG_WARN_NON_LITERAL_NULL_CONVERSION = YES;
				CLANG_WARN_OBJC_IMPLICIT_RETAIN_SELF = YES;
				CLANG_WARN_OBJC_LITERAL_CONVERSION = YES;
				CLANG_WARN_OBJC_ROOT_CLASS = YES_ERROR;
				CLANG_WARN_QUOTED_INCLUDE_IN_FRAMEWORK_HEADER = YES;
				CLANG_WARN_RANGE_LOOP_ANALYSIS = YES;
				CLANG_WARN_STRICT_PROTOTYPES = YES;
				CLANG_WARN_SUSPICIOUS_MOVE = YES;
				CLANG_WARN_UNGUARDED_AVAILABILITY = YES_AGGRESSIVE;
				CLANG_WARN_UNREACHABLE_CODE = YES;
				CLANG_WARN__DUPLICATE_METHOD_MATCH = YES;
				COPY_PHASE_STRIP = NO;
				DEBUG_INFORMATION_FORMAT = "dwarf-with-dsym";
				ENABLE_NS_ASSERTIONS = NO;
				ENABLE_STRICT_OBJC_MSGSEND = YES;
				GCC_C_LANGUAGE_STANDARD = gnu11;
				GCC_NO_COMMON_BLOCKS = YES;
				GCC_WARN_64_TO_32_BIT_CONVERSION = YES;
				GCC_WARN_ABOUT_RETURN_TYPE = YES_ERROR;
				GCC_WARN_UNDECLARED_SELECTOR = YES;
				GCC_WARN_UNINITIALIZED_AUTOS = YES_AGGRESSIVE;
				GCC_WARN_UNUSED_FUNCTION = YES;
				GCC_WARN_UNUSED_VARIABLE = YES;
				IPHONEOS_DEPLOYMENT_TARGET = 16.2;
				MTL_ENABLE_DEBUG_INFO = NO;
				MTL_FAST_MATH = YES;
				SDKROOT = iphoneos;
				SWIFT_COMPILATION_MODE = wholemodule;
				SWIFT_OPTIMIZATION_LEVEL = "-O";
				VALIDATE_PRODUCT = YES;
			};
			name = Release;
		};
		47F024D72A8213D90058B5F4 /* Debug */ = {
			isa = XCBuildConfiguration;
			buildSettings = {
				ASSETCATALOG_COMPILER_APPICON_NAME = AppIcon;
				ASSETCATALOG_COMPILER_GLOBAL_ACCENT_COLOR_NAME = AccentColor;
				CODE_SIGN_STYLE = Automatic;
				CURRENT_PROJECT_VERSION = 1;
				DEVELOPMENT_ASSET_PATHS = "\"TCA_B/Preview Content\"";
				DEVELOPMENT_TEAM = HCMRC6P98U;
				ENABLE_PREVIEWS = YES;
				GENERATE_INFOPLIST_FILE = YES;
				INFOPLIST_KEY_UIApplicationSceneManifest_Generation = YES;
				INFOPLIST_KEY_UIApplicationSupportsIndirectInputEvents = YES;
				INFOPLIST_KEY_UILaunchScreen_Generation = YES;
				INFOPLIST_KEY_UISupportedInterfaceOrientations_iPad = "UIInterfaceOrientationPortrait UIInterfaceOrientationPortraitUpsideDown UIInterfaceOrientationLandscapeLeft UIInterfaceOrientationLandscapeRight";
				INFOPLIST_KEY_UISupportedInterfaceOrientations_iPhone = "UIInterfaceOrientationPortrait UIInterfaceOrientationLandscapeLeft UIInterfaceOrientationLandscapeRight";
				LD_RUNPATH_SEARCH_PATHS = (
					"$(inherited)",
					"@executable_path/Frameworks",
				);
				MARKETING_VERSION = 1.0;
				PRODUCT_BUNDLE_IDENTIFIER = "com.cashwalk.ios.TCA-B";
				PRODUCT_NAME = "$(TARGET_NAME)";
				SWIFT_EMIT_LOC_STRINGS = YES;
				SWIFT_VERSION = 5.0;
				TARGETED_DEVICE_FAMILY = "1,2";
			};
			name = Debug;
		};
		47F024D82A8213D90058B5F4 /* Release */ = {
			isa = XCBuildConfiguration;
			buildSettings = {
				ASSETCATALOG_COMPILER_APPICON_NAME = AppIcon;
				ASSETCATALOG_COMPILER_GLOBAL_ACCENT_COLOR_NAME = AccentColor;
				CODE_SIGN_STYLE = Automatic;
				CURRENT_PROJECT_VERSION = 1;
				DEVELOPMENT_ASSET_PATHS = "\"TCA_B/Preview Content\"";
				DEVELOPMENT_TEAM = HCMRC6P98U;
				ENABLE_PREVIEWS = YES;
				GENERATE_INFOPLIST_FILE = YES;
				INFOPLIST_KEY_UIApplicationSceneManifest_Generation = YES;
				INFOPLIST_KEY_UIApplicationSupportsIndirectInputEvents = YES;
				INFOPLIST_KEY_UILaunchScreen_Generation = YES;
				INFOPLIST_KEY_UISupportedInterfaceOrientations_iPad = "UIInterfaceOrientationPortrait UIInterfaceOrientationPortraitUpsideDown UIInterfaceOrientationLandscapeLeft UIInterfaceOrientationLandscapeRight";
				INFOPLIST_KEY_UISupportedInterfaceOrientations_iPhone = "UIInterfaceOrientationPortrait UIInterfaceOrientationLandscapeLeft UIInterfaceOrientationLandscapeRight";
				LD_RUNPATH_SEARCH_PATHS = (
					"$(inherited)",
					"@executable_path/Frameworks",
				);
				MARKETING_VERSION = 1.0;
				PRODUCT_BUNDLE_IDENTIFIER = "com.cashwalk.ios.TCA-B";
				PRODUCT_NAME = "$(TARGET_NAME)";
				SWIFT_EMIT_LOC_STRINGS = YES;
				SWIFT_VERSION = 5.0;
				TARGETED_DEVICE_FAMILY = "1,2";
			};
			name = Release;
		};
/* End XCBuildConfiguration section */

/* Begin XCConfigurationList section */
		47F024C32A8213D70058B5F4 /* Build configuration list for PBXProject "TCA_B" */ = {
			isa = XCConfigurationList;
			buildConfigurations = (
				47F024D42A8213D90058B5F4 /* Debug */,
				47F024D52A8213D90058B5F4 /* Release */,
			);
			defaultConfigurationIsVisible = 0;
			defaultConfigurationName = Release;
		};
		47F024D62A8213D90058B5F4 /* Build configuration list for PBXNativeTarget "TCA_B" */ = {
			isa = XCConfigurationList;
			buildConfigurations = (
				47F024D72A8213D90058B5F4 /* Debug */,
				47F024D82A8213D90058B5F4 /* Release */,
			);
			defaultConfigurationIsVisible = 0;
			defaultConfigurationName = Release;
		};
/* End XCConfigurationList section */

/* Begin XCRemoteSwiftPackageReference section */
		0F0D668A2A8F36C100E1ED77 /* XCRemoteSwiftPackageReference "swift-composable-architecture" */ = {
			isa = XCRemoteSwiftPackageReference;
			repositoryURL = "https://github.com/pointfreeco/swift-composable-architecture.git";
			requirement = {
				kind = upToNextMajorVersion;
				minimumVersion = 1.0.0;
			};
		};
/* End XCRemoteSwiftPackageReference section */

/* Begin XCSwiftPackageProductDependency section */
		0F0D668B2A8F36C100E1ED77 /* ComposableArchitecture */ = {
			isa = XCSwiftPackageProductDependency;
			package = 0F0D668A2A8F36C100E1ED77 /* XCRemoteSwiftPackageReference "swift-composable-architecture" */;
			productName = ComposableArchitecture;
		};
/* End XCSwiftPackageProductDependency section */
	};
	rootObject = 47F024C02A8213D70058B5F4 /* Project object */;
}
